
Microsoft Visual Studio Solution File, Format Version 12.00
# Visual Studio 15
VisualStudioVersion = 15.0.28010.2036
MinimumVisualStudioVersion = 10.0.40219.1
Project("{FAE04EC0-301F-11D3-BF4B-00C04F79EFBC}") = "Barchart", "Piechart\Barchart.csproj", "{9E580765-8C59-4C4B-9B2D-A8ABCB613027}"
EndProject
Global
	GlobalSection(SolutionConfigurationPlatforms) = preSolution
		Debug|Any CPU = Debug|Any CPU
		Release|Any CPU = Release|Any CPU
	EndGlobalSection
	GlobalSection(ProjectConfigurationPlatforms) = postSolution
		{9E580765-8C59-4C4B-9B2D-A8ABCB613027}.Debug|Any CPU.ActiveCfg = Debug|Any CPU
		{9E580765-8C59-4C4B-9B2D-A8ABCB613027}.Debug|Any CPU.Build.0 = Debug|Any CPU
		{9E580765-8C59-4C4B-9B2D-A8ABCB613027}.Release|Any CPU.ActiveCfg = Release|Any CPU
		{9E580765-8C59-4C4B-9B2D-A8ABCB613027}.Release|Any CPU.Build.0 = Release|Any CPU
	EndGlobalSection
	GlobalSection(SolutionProperties) = preSolution
		HideSolutionNode = FALSE
	EndGlobalSection
	GlobalSection(ExtensibilityGlobals) = postSolution
		SolutionGuid = {5CECEB76-DF71-4163-A95D-482CC7B766AC}
	EndGlobalSection
EndGlobal
